// !$*UTF8*$!
{
	archiveVersion = 1;
	classes = {
	};
	objectVersion = 56;
	objects = {

/* Begin PBXBuildFile section */
		80980F1B2C772A4E00227C74 /* AppDelegate.swift in Sources */ = {isa = PBXBuildFile; fileRef = 80980F1A2C772A4E00227C74 /* AppDelegate.swift */; };
		80980F1D2C772A4E00227C74 /* GameScene.sks in Resources */ = {isa = PBXBuildFile; fileRef = 80980F1C2C772A4E00227C74 /* GameScene.sks */; };
		80980F1F2C772A4E00227C74 /* Actions.sks in Resources */ = {isa = PBXBuildFile; fileRef = 80980F1E2C772A4E00227C74 /* Actions.sks */; };
		80980F212C772A4E00227C74 /* GameScene.swift in Sources */ = {isa = PBXBuildFile; fileRef = 80980F202C772A4E00227C74 /* GameScene.swift */; };
		80980F232C772A4E00227C74 /* ViewController.swift in Sources */ = {isa = PBXBuildFile; fileRef = 80980F222C772A4E00227C74 /* ViewController.swift */; };
		80980F252C772A5000227C74 /* Assets.xcassets in Resources */ = {isa = PBXBuildFile; fileRef = 80980F242C772A5000227C74 /* Assets.xcassets */; };
		80980F282C772A5000227C74 /* Main.storyboard in Resources */ = {isa = PBXBuildFile; fileRef = 80980F262C772A5000227C74 /* Main.storyboard */; };
		80980F332C772A5100227C74 /* FruitPickerTests.swift in Sources */ = {isa = PBXBuildFile; fileRef = 80980F322C772A5100227C74 /* FruitPickerTests.swift */; };
		80980F3D2C772A5100227C74 /* FruitPickerUITests.swift in Sources */ = {isa = PBXBuildFile; fileRef = 80980F3C2C772A5100227C74 /* FruitPickerUITests.swift */; };
		80980F3F2C772A5100227C74 /* FruitPickerUITestsLaunchTests.swift in Sources */ = {isa = PBXBuildFile; fileRef = 80980F3E2C772A5100227C74 /* FruitPickerUITestsLaunchTests.swift */; };
		80A62B212C7D9A1000DCF8A8 /* sound1.mp3 in Resources */ = {isa = PBXBuildFile; fileRef = 80A62B1E2C7D9A1000DCF8A8 /* sound1.mp3 */; };
		80A62B222C7D9A1000DCF8A8 /* sound2.mp3 in Resources */ = {isa = PBXBuildFile; fileRef = 80A62B1F2C7D9A1000DCF8A8 /* sound2.mp3 */; };
		80A62B232C7D9A1000DCF8A8 /* sound3.mp3 in Resources */ = {isa = PBXBuildFile; fileRef = 80A62B202C7D9A1000DCF8A8 /* sound3.mp3 */; };
/* End PBXBuildFile section */

/* Begin PBXContainerItemProxy section */
		80980F2F2C772A5100227C74 /* PBXContainerItemProxy */ = {
			isa = PBXContainerItemProxy;
			containerPortal = 80980F0F2C772A4E00227C74 /* Project object */;
			proxyType = 1;
			remoteGlobalIDString = 80980F162C772A4E00227C74;
			remoteInfo = FruitPicker;
		};
		80980F392C772A5100227C74 /* PBXContainerItemProxy */ = {
			isa = PBXContainerItemProxy;
			containerPortal = 80980F0F2C772A4E00227C74 /* Project object */;
			proxyType = 1;
			remoteGlobalIDString = 80980F162C772A4E00227C74;
			remoteInfo = FruitPicker;
		};
/* End PBXContainerItemProxy section */

/* Begin PBXFileReference section */
		80980F172C772A4E00227C74 /* FruitPicker.app */ = {isa = PBXFileReference; explicitFileType = wrapper.application; includeInIndex = 0; path = FruitPicker.app; sourceTree = BUILT_PRODUCTS_DIR; };
		80980F1A2C772A4E00227C74 /* AppDelegate.swift */ = {isa = PBXFileReference; lastKnownFileType = sourcecode.swift; path = AppDelegate.swift; sourceTree = "<group>"; };
		80980F1C2C772A4E00227C74 /* GameScene.sks */ = {isa = PBXFileReference; lastKnownFileType = file.sks; path = GameScene.sks; sourceTree = "<group>"; };
		80980F1E2C772A4E00227C74 /* Actions.sks */ = {isa = PBXFileReference; lastKnownFileType = file.sks; path = Actions.sks; sourceTree = "<group>"; };
		80980F202C772A4E00227C74 /* GameScene.swift */ = {isa = PBXFileReference; lastKnownFileType = sourcecode.swift; path = GameScene.swift; sourceTree = "<group>"; };
		80980F222C772A4E00227C74 /* ViewController.swift */ = {isa = PBXFileReference; lastKnownFileType = sourcecode.swift; path = ViewController.swift; sourceTree = "<group>"; };
		80980F242C772A5000227C74 /* Assets.xcassets */ = {isa = PBXFileReference; lastKnownFileType = folder.assetcatalog; path = Assets.xcassets; sourceTree = "<group>"; };
		80980F272C772A5000227C74 /* Base */ = {isa = PBXFileReference; lastKnownFileType = file.storyboard; name = Base; path = Base.lproj/Main.storyboard; sourceTree = "<group>"; };
		80980F292C772A5000227C74 /* FruitPicker.entitlements */ = {isa = PBXFileReference; lastKnownFileType = text.plist.entitlements; path = FruitPicker.entitlements; sourceTree = "<group>"; };
		80980F2E2C772A5100227C74 /* FruitPickerTests.xctest */ = {isa = PBXFileReference; explicitFileType = wrapper.cfbundle; includeInIndex = 0; path = FruitPickerTests.xctest; sourceTree = BUILT_PRODUCTS_DIR; };
		80980F322C772A5100227C74 /* FruitPickerTests.swift */ = {isa = PBXFileReference; lastKnownFileType = sourcecode.swift; path = FruitPickerTests.swift; sourceTree = "<group>"; };
		80980F382C772A5100227C74 /* FruitPickerUITests.xctest */ = {isa = PBXFileReference; explicitFileType = wrapper.cfbundle; includeInIndex = 0; path = FruitPickerUITests.xctest; sourceTree = BUILT_PRODUCTS_DIR; };
		80980F3C2C772A5100227C74 /* FruitPickerUITests.swift */ = {isa = PBXFileReference; lastKnownFileType = sourcecode.swift; path = FruitPickerUITests.swift; sourceTree = "<group>"; };
		80980F3E2C772A5100227C74 /* FruitPickerUITestsLaunchTests.swift */ = {isa = PBXFileReference; lastKnownFileType = sourcecode.swift; path = FruitPickerUITestsLaunchTests.swift; sourceTree = "<group>"; };
		80A62B1E2C7D9A1000DCF8A8 /* sound1.mp3 */ = {isa = PBXFileReference; lastKnownFileType = audio.mp3; path = sound1.mp3; sourceTree = "<group>"; };
		80A62B1F2C7D9A1000DCF8A8 /* sound2.mp3 */ = {isa = PBXFileReference; lastKnownFileType = audio.mp3; path = sound2.mp3; sourceTree = "<group>"; };
		80A62B202C7D9A1000DCF8A8 /* sound3.mp3 */ = {isa = PBXFileReference; lastKnownFileType = audio.mp3; path = sound3.mp3; sourceTree = "<group>"; };
/* End PBXFileReference section */

/* Begin PBXFrameworksBuildPhase section */
		80980F142C772A4E00227C74 /* Frameworks */ = {
			isa = PBXFrameworksBuildPhase;
			buildActionMask = 2147483647;
			files = (
			);
			runOnlyForDeploymentPostprocessing = 0;
		};
		80980F2B2C772A5100227C74 /* Frameworks */ = {
			isa = PBXFrameworksBuildPhase;
			buildActionMask = 2147483647;
			files = (
			);
			runOnlyForDeploymentPostprocessing = 0;
		};
		80980F352C772A5100227C74 /* Frameworks */ = {
			isa = PBXFrameworksBuildPhase;
			buildActionMask = 2147483647;
			files = (
			);
			runOnlyForDeploymentPostprocessing = 0;
		};
/* End PBXFrameworksBuildPhase section */

/* Begin PBXGroup section */
		80980F0E2C772A4E00227C74 = {
			isa = PBXGroup;
			children = (
				80980F192C772A4E00227C74 /* FruitPicker */,
				80980F312C772A5100227C74 /* FruitPickerTests */,
				80980F3B2C772A5100227C74 /* FruitPickerUITests */,
				80980F182C772A4E00227C74 /* Products */,
			);
			sourceTree = "<group>";
		};
		80980F182C772A4E00227C74 /* Products */ = {
			isa = PBXGroup;
			children = (
				80980F172C772A4E00227C74 /* FruitPicker.app */,
				80980F2E2C772A5100227C74 /* FruitPickerTests.xctest */,
				80980F382C772A5100227C74 /* FruitPickerUITests.xctest */,
			);
			name = Products;
			sourceTree = "<group>";
		};
		80980F192C772A4E00227C74 /* FruitPicker */ = {
			isa = PBXGroup;
			children = (
				80980F1A2C772A4E00227C74 /* AppDelegate.swift */,
				80980F1C2C772A4E00227C74 /* GameScene.sks */,
				80980F1E2C772A4E00227C74 /* Actions.sks */,
				80A62B1E2C7D9A1000DCF8A8 /* sound1.mp3 */,
				80A62B1F2C7D9A1000DCF8A8 /* sound2.mp3 */,
				80A62B202C7D9A1000DCF8A8 /* sound3.mp3 */,
				80980F202C772A4E00227C74 /* GameScene.swift */,
				80980F222C772A4E00227C74 /* ViewController.swift */,
				80980F242C772A5000227C74 /* Assets.xcassets */,
				80980F262C772A5000227C74 /* Main.storyboard */,
				80980F292C772A5000227C74 /* FruitPicker.entitlements */,
			);
			path = FruitPicker;
			sourceTree = "<group>";
		};
		80980F312C772A5100227C74 /* FruitPickerTests */ = {
			isa = PBXGroup;
			children = (
				80980F322C772A5100227C74 /* FruitPickerTests.swift */,
			);
			path = FruitPickerTests;
			sourceTree = "<group>";
		};
		80980F3B2C772A5100227C74 /* FruitPickerUITests */ = {
			isa = PBXGroup;
			children = (
				80980F3C2C772A5100227C74 /* FruitPickerUITests.swift */,
				80980F3E2C772A5100227C74 /* FruitPickerUITestsLaunchTests.swift */,
			);
			path = FruitPickerUITests;
			sourceTree = "<group>";
		};
/* End PBXGroup section */

/* Begin PBXNativeTarget section */
		80980F162C772A4E00227C74 /* FruitPicker */ = {
			isa = PBXNativeTarget;
			buildConfigurationList = 80980F422C772A5100227C74 /* Build configuration list for PBXNativeTarget "FruitPicker" */;
			buildPhases = (
				80980F132C772A4E00227C74 /* Sources */,
				80980F142C772A4E00227C74 /* Frameworks */,
				80980F152C772A4E00227C74 /* Resources */,
			);
			buildRules = (
			);
			dependencies = (
			);
			name = FruitPicker;
			productName = FruitPicker;
			productReference = 80980F172C772A4E00227C74 /* FruitPicker.app */;
			productType = "com.apple.product-type.application";
		};
		80980F2D2C772A5100227C74 /* FruitPickerTests */ = {
			isa = PBXNativeTarget;
			buildConfigurationList = 80980F452C772A5100227C74 /* Build configuration list for PBXNativeTarget "FruitPickerTests" */;
			buildPhases = (
				80980F2A2C772A5100227C74 /* Sources */,
				80980F2B2C772A5100227C74 /* Frameworks */,
				80980F2C2C772A5100227C74 /* Resources */,
			);
			buildRules = (
			);
			dependencies = (
				80980F302C772A5100227C74 /* PBXTargetDependency */,
			);
			name = FruitPickerTests;
			productName = FruitPickerTests;
			productReference = 80980F2E2C772A5100227C74 /* FruitPickerTests.xctest */;
			productType = "com.apple.product-type.bundle.unit-test";
		};
		80980F372C772A5100227C74 /* FruitPickerUITests */ = {
			isa = PBXNativeTarget;
			buildConfigurationList = 80980F482C772A5100227C74 /* Build configuration list for PBXNativeTarget "FruitPickerUITests" */;
			buildPhases = (
				80980F342C772A5100227C74 /* Sources */,
				80980F352C772A5100227C74 /* Frameworks */,
				80980F362C772A5100227C74 /* Resources */,
			);
			buildRules = (
			);
			dependencies = (
				80980F3A2C772A5100227C74 /* PBXTargetDependency */,
			);
			name = FruitPickerUITests;
			productName = FruitPickerUITests;
			productReference = 80980F382C772A5100227C74 /* FruitPickerUITests.xctest */;
			productType = "com.apple.product-type.bundle.ui-testing";
		};
/* End PBXNativeTarget section */

/* Begin PBXProject section */
		80980F0F2C772A4E00227C74 /* Project object */ = {
			isa = PBXProject;
			attributes = {
				BuildIndependentTargetsInParallel = 1;
				LastSwiftUpdateCheck = 1430;
				LastUpgradeCheck = 1430;
				TargetAttributes = {
					80980F162C772A4E00227C74 = {
						CreatedOnToolsVersion = 14.3;
					};
					80980F2D2C772A5100227C74 = {
						CreatedOnToolsVersion = 14.3;
						TestTargetID = 80980F162C772A4E00227C74;
					};
					80980F372C772A5100227C74 = {
						CreatedOnToolsVersion = 14.3;
						TestTargetID = 80980F162C772A4E00227C74;
					};
				};
			};
			buildConfigurationList = 80980F122C772A4E00227C74 /* Build configuration list for PBXProject "FruitPicker" */;
			compatibilityVersion = "Xcode 14.0";
			developmentRegion = en;
			hasScannedForEncodings = 0;
			knownRegions = (
				en,
				Base,
			);
			mainGroup = 80980F0E2C772A4E00227C74;
			productRefGroup = 80980F182C772A4E00227C74 /* Products */;
			projectDirPath = "";
			projectRoot = "";
			targets = (
				80980F162C772A4E00227C74 /* FruitPicker */,
				80980F2D2C772A5100227C74 /* FruitPickerTests */,
				80980F372C772A5100227C74 /* FruitPickerUITests */,
			);
		};
/* End PBXProject section */

/* Begin PBXResourcesBuildPhase section */
		80980F152C772A4E00227C74 /* Resources */ = {
			isa = PBXResourcesBuildPhase;
			buildActionMask = 2147483647;
			files = (
				80A62B222C7D9A1000DCF8A8 /* sound2.mp3 in Resources */,
				80A62B232C7D9A1000DCF8A8 /* sound3.mp3 in Resources */,
				80980F1D2C772A4E00227C74 /* GameScene.sks in Resources */,
				80980F252C772A5000227C74 /* Assets.xcassets in Resources */,
				80A62B212C7D9A1000DCF8A8 /* sound1.mp3 in Resources */,
				80980F1F2C772A4E00227C74 /* Actions.sks in Resources */,
				80980F282C772A5000227C74 /* Main.storyboard in Resources */,
			);
			runOnlyForDeploymentPostprocessing = 0;
		};
		80980F2C2C772A5100227C74 /* Resources */ = {
			isa = PBXResourcesBuildPhase;
			buildActionMask = 2147483647;
			files = (
			);
			runOnlyForDeploymentPostprocessing = 0;
		};
		80980F362C772A5100227C74 /* Resources */ = {
			isa = PBXResourcesBuildPhase;
			buildActionMask = 2147483647;
			files = (
			);
			runOnlyForDeploymentPostprocessing = 0;
		};
/* End PBXResourcesBuildPhase section */

/* Begin PBXSourcesBuildPhase section */
		80980F132C772A4E00227C74 /* Sources */ = {
			isa = PBXSourcesBuildPhase;
			buildActionMask = 2147483647;
			files = (
				80980F232C772A4E00227C74 /* ViewController.swift in Sources */,
				80980F212C772A4E00227C74 /* GameScene.swift in Sources */,
				80980F1B2C772A4E00227C74 /* AppDelegate.swift in Sources */,
			);
			runOnlyForDeploymentPostprocessing = 0;
		};
		80980F2A2C772A5100227C74 /* Sources */ = {
			isa = PBXSourcesBuildPhase;
			buildActionMask = 2147483647;
			files = (
				80980F332C772A5100227C74 /* FruitPickerTests.swift in Sources */,
			);
			runOnlyForDeploymentPostprocessing = 0;
		};
		80980F342C772A5100227C74 /* Sources */ = {
			isa = PBXSourcesBuildPhase;
			buildActionMask = 2147483647;
			files = (
				80980F3D2C772A5100227C74 /* FruitPickerUITests.swift in Sources */,
				80980F3F2C772A5100227C74 /* FruitPickerUITestsLaunchTests.swift in Sources */,
			);
			runOnlyForDeploymentPostprocessing = 0;
		};
/* End PBXSourcesBuildPhase section */

/* Begin PBXTargetDependency section */
		80980F302C772A5100227C74 /* PBXTargetDependency */ = {
			isa = PBXTargetDependency;
			target = 80980F162C772A4E00227C74 /* FruitPicker */;
			targetProxy = 80980F2F2C772A5100227C74 /* PBXContainerItemProxy */;
		};
		80980F3A2C772A5100227C74 /* PBXTargetDependency */ = {
			isa = PBXTargetDependency;
			target = 80980F162C772A4E00227C74 /* FruitPicker */;
			targetProxy = 80980F392C772A5100227C74 /* PBXContainerItemProxy */;
		};
/* End PBXTargetDependency section */

/* Begin PBXVariantGroup section */
		80980F262C772A5000227C74 /* Main.storyboard */ = {
			isa = PBXVariantGroup;
			children = (
				80980F272C772A5000227C74 /* Base */,
			);
			name = Main.storyboard;
			sourceTree = "<group>";
		};
/* End PBXVariantGroup section */

/* Begin XCBuildConfiguration section */
		80980F402C772A5100227C74 /* Debug */ = {
			isa = XCBuildConfiguration;
			buildSettings = {
				ALWAYS_SEARCH_USER_PATHS = NO;
				CLANG_ANALYZER_NONNULL = YES;
				CLANG_ANALYZER_NUMBER_OBJECT_CONVERSION = YES_AGGRESSIVE;
				CLANG_CXX_LANGUAGE_STANDARD = "gnu++20";
				CLANG_ENABLE_MODULES = YES;
				CLANG_ENABLE_OBJC_ARC = YES;
				CLANG_ENABLE_OBJC_WEAK = YES;
				CLANG_WARN_BLOCK_CAPTURE_AUTORELEASING = YES;
				CLANG_WARN_BOOL_CONVERSION = YES;
				CLANG_WARN_COMMA = YES;
				CLANG_WARN_CONSTANT_CONVERSION = YES;
				CLANG_WARN_DEPRECATED_OBJC_IMPLEMENTATIONS = YES;
				CLANG_WARN_DIRECT_OBJC_ISA_USAGE = YES_ERROR;
				CLANG_WARN_DOCUMENTATION_COMMENTS = YES;
				CLANG_WARN_EMPTY_BODY = YES;
				CLANG_WARN_ENUM_CONVERSION = YES;
				CLANG_WARN_INFINITE_RECURSION = YES;
				CLANG_WARN_INT_CONVERSION = YES;
				CLANG_WARN_NON_LITERAL_NULL_CONVERSION = YES;
				CLANG_WARN_OBJC_IMPLICIT_RETAIN_SELF = YES;
				CLANG_WARN_OBJC_LITERAL_CONVERSION = YES;
				CLANG_WARN_OBJC_ROOT_CLASS = YES_ERROR;
				CLANG_WARN_QUOTED_INCLUDE_IN_FRAMEWORK_HEADER = YES;
				CLANG_WARN_RANGE_LOOP_ANALYSIS = YES;
				CLANG_WARN_STRICT_PROTOTYPES = YES;
				CLANG_WARN_SUSPICIOUS_MOVE = YES;
				CLANG_WARN_UNGUARDED_AVAILABILITY = YES_AGGRESSIVE;
				CLANG_WARN_UNREACHABLE_CODE = YES;
				CLANG_WARN__DUPLICATE_METHOD_MATCH = YES;
				COPY_PHASE_STRIP = NO;
				DEBUG_INFORMATION_FORMAT = dwarf;
				ENABLE_STRICT_OBJC_MSGSEND = YES;
				ENABLE_TESTABILITY = YES;
				GCC_C_LANGUAGE_STANDARD = gnu11;
				GCC_DYNAMIC_NO_PIC = NO;
				GCC_NO_COMMON_BLOCKS = YES;
				GCC_OPTIMIZATION_LEVEL = 0;
				GCC_PREPROCESSOR_DEFINITIONS = (
					"DEBUG=1",
					"$(inherited)",
				);
				GCC_WARN_64_TO_32_BIT_CONVERSION = YES;
				GCC_WARN_ABOUT_RETURN_TYPE = YES_ERROR;
				GCC_WARN_UNDECLARED_SELECTOR = YES;
				GCC_WARN_UNINITIALIZED_AUTOS = YES_AGGRESSIVE;
				GCC_WARN_UNUSED_FUNCTION = YES;
				GCC_WARN_UNUSED_VARIABLE = YES;
				MACOSX_DEPLOYMENT_TARGET = 13.3;
				MTL_ENABLE_DEBUG_INFO = INCLUDE_SOURCE;
				MTL_FAST_MATH = YES;
				ONLY_ACTIVE_ARCH = YES;
				SDKROOT = macosx;
				SWIFT_ACTIVE_COMPILATION_CONDITIONS = DEBUG;
				SWIFT_OPTIMIZATION_LEVEL = "-Onone";
			};
			name = Debug;
		};
		80980F412C772A5100227C74 /* Release */ = {
			isa = XCBuildConfiguration;
			buildSettings = {
				ALWAYS_SEARCH_USER_PATHS = NO;
				CLANG_ANALYZER_NONNULL = YES;
				CLANG_ANALYZER_NUMBER_OBJECT_CONVERSION = YES_AGGRESSIVE;
				CLANG_CXX_LANGUAGE_STANDARD = "gnu++20";
				CLANG_ENABLE_MODULES = YES;
				CLANG_ENABLE_OBJC_ARC = YES;
				CLANG_ENABLE_OBJC_WEAK = YES;
				CLANG_WARN_BLOCK_CAPTURE_AUTORELEASING = YES;
				CLANG_WARN_BOOL_CONVERSION = YES;
				CLANG_WARN_COMMA = YES;
				CLANG_WARN_CONSTANT_CONVERSION = YES;
				CLANG_WARN_DEPRECATED_OBJC_IMPLEMENTATIONS = YES;
				CLANG_WARN_DIRECT_OBJC_ISA_USAGE = YES_ERROR;
				CLANG_WARN_DOCUMENTATION_COMMENTS = YES;
				CLANG_WARN_EMPTY_BODY = YES;
				CLANG_WARN_ENUM_CONVERSION = YES;
				CLANG_WARN_INFINITE_RECURSION = YES;
				CLANG_WARN_INT_CONVERSION = YES;
				CLANG_WARN_NON_LITERAL_NULL_CONVERSION = YES;
				CLANG_WARN_OBJC_IMPLICIT_RETAIN_SELF = YES;
				CLANG_WARN_OBJC_LITERAL_CONVERSION = YES;
				CLANG_WARN_OBJC_ROOT_CLASS = YES_ERROR;
				CLANG_WARN_QUOTED_INCLUDE_IN_FRAMEWORK_HEADER = YES;
				CLANG_WARN_RANGE_LOOP_ANALYSIS = YES;
				CLANG_WARN_STRICT_PROTOTYPES = YES;
				CLANG_WARN_SUSPICIOUS_MOVE = YES;
				CLANG_WARN_UNGUARDED_AVAILABILITY = YES_AGGRESSIVE;
				CLANG_WARN_UNREACHABLE_CODE = YES;
				CLANG_WARN__DUPLICATE_METHOD_MATCH = YES;
				COPY_PHASE_STRIP = NO;
				DEBUG_INFORMATION_FORMAT = "dwarf-with-dsym";
				ENABLE_NS_ASSERTIONS = NO;
				ENABLE_STRICT_OBJC_MSGSEND = YES;
				GCC_C_LANGUAGE_STANDARD = gnu11;
				GCC_NO_COMMON_BLOCKS = YES;
				GCC_WARN_64_TO_32_BIT_CONVERSION = YES;
				GCC_WARN_ABOUT_RETURN_TYPE = YES_ERROR;
				GCC_WARN_UNDECLARED_SELECTOR = YES;
				GCC_WARN_UNINITIALIZED_AUTOS = YES_AGGRESSIVE;
				GCC_WARN_UNUSED_FUNCTION = YES;
				GCC_WARN_UNUSED_VARIABLE = YES;
				MACOSX_DEPLOYMENT_TARGET = 13.3;
				MTL_ENABLE_DEBUG_INFO = NO;
				MTL_FAST_MATH = YES;
				SDKROOT = macosx;
				SWIFT_COMPILATION_MODE = wholemodule;
				SWIFT_OPTIMIZATION_LEVEL = "-O";
			};
			name = Release;
		};
		80980F432C772A5100227C74 /* Debug */ = {
			isa = XCBuildConfiguration;
			buildSettings = {
				ASSETCATALOG_COMPILER_APPICON_NAME = AppIcon;
				ASSETCATALOG_COMPILER_GLOBAL_ACCENT_COLOR_NAME = AccentColor;
				CODE_SIGN_ENTITLEMENTS = FruitPicker/FruitPicker.entitlements;
				CODE_SIGN_STYLE = Automatic;
				COMBINE_HIDPI_IMAGES = YES;
				CURRENT_PROJECT_VERSION = 1;
				GENERATE_INFOPLIST_FILE = YES;
				INFOPLIST_KEY_NSHumanReadableCopyright = "";
				INFOPLIST_KEY_NSMainStoryboardFile = Main;
				INFOPLIST_KEY_NSPrincipalClass = NSApplication;
				LD_RUNPATH_SEARCH_PATHS = (
					"$(inherited)",
					"@executable_path/../Frameworks",
				);
				MARKETING_VERSION = 1.0;
				PRODUCT_BUNDLE_IDENTIFIER = rit.FruitPicker;
				PRODUCT_NAME = "$(TARGET_NAME)";
				SWIFT_EMIT_LOC_STRINGS = YES;
				SWIFT_VERSION = 5.0;
			};
			name = Debug;
		};
		80980F442C772A5100227C74 /* Release */ = {
			isa = XCBuildConfiguration;
			buildSettings = {
				ASSETCATALOG_COMPILER_APPICON_NAME = AppIcon;
				ASSETCATALOG_COMPILER_GLOBAL_ACCENT_COLOR_NAME = AccentColor;
				CODE_SIGN_ENTITLEMENTS = FruitPicker/FruitPicker.entitlements;
				CODE_SIGN_STYLE = Automatic;
				COMBINE_HIDPI_IMAGES = YES;
				CURRENT_PROJECT_VERSION = 1;
				GENERATE_INFOPLIST_FILE = YES;
				INFOPLIST_KEY_NSHumanReadableCopyright = "";
				INFOPLIST_KEY_NSMainStoryboardFile = Main;
				INFOPLIST_KEY_NSPrincipalClass = NSApplication;
				LD_RUNPATH_SEARCH_PATHS = (
					"$(inherited)",
					"@executable_path/../Frameworks",
				);
				MARKETING_VERSION = 1.0;
				PRODUCT_BUNDLE_IDENTIFIER = rit.FruitPicker;
				PRODUCT_NAME = "$(TARGET_NAME)";
				SWIFT_EMIT_LOC_STRINGS = YES;
				SWIFT_VERSION = 5.0;
			};
			name = Release;
		};
		80980F462C772A5100227C74 /* Debug */ = {
			isa = XCBuildConfiguration;
			buildSettings = {
				ALWAYS_EMBED_SWIFT_STANDARD_LIBRARIES = YES;
				BUNDLE_LOADER = "$(TEST_HOST)";
				CODE_SIGN_STYLE = Automatic;
				CURRENT_PROJECT_VERSION = 1;
				GENERATE_INFOPLIST_FILE = YES;
				MACOSX_DEPLOYMENT_TARGET = 13.3;
				MARKETING_VERSION = 1.0;
				PRODUCT_BUNDLE_IDENTIFIER = rit.FruitPickerTests;
				PRODUCT_NAME = "$(TARGET_NAME)";
				SWIFT_EMIT_LOC_STRINGS = NO;
				SWIFT_VERSION = 5.0;
				TEST_HOST = "$(BUILT_PRODUCTS_DIR)/FruitPicker.app/$(BUNDLE_EXECUTABLE_FOLDER_PATH)/FruitPicker";
			};
			name = Debug;
		};
		80980F472C772A5100227C74 /* Release */ = {
			isa = XCBuildConfiguration;
			buildSettings = {
				ALWAYS_EMBED_SWIFT_STANDARD_LIBRARIES = YES;
				BUNDLE_LOADER = "$(TEST_HOST)";
				CODE_SIGN_STYLE = Automatic;
				CURRENT_PROJECT_VERSION = 1;
				GENERATE_INFOPLIST_FILE = YES;
				MACOSX_DEPLOYMENT_TARGET = 13.3;
				MARKETING_VERSION = 1.0;
				PRODUCT_BUNDLE_IDENTIFIER = rit.FruitPickerTests;
				PRODUCT_NAME = "$(TARGET_NAME)";
				SWIFT_EMIT_LOC_STRINGS = NO;
				SWIFT_VERSION = 5.0;
				TEST_HOST = "$(BUILT_PRODUCTS_DIR)/FruitPicker.app/$(BUNDLE_EXECUTABLE_FOLDER_PATH)/FruitPicker";
			};
			name = Release;
		};
		80980F492C772A5100227C74 /* Debug */ = {
			isa = XCBuildConfiguration;
			buildSettings = {
				ALWAYS_EMBED_SWIFT_STANDARD_LIBRARIES = YES;
				CODE_SIGN_STYLE = Automatic;
				CURRENT_PROJECT_VERSION = 1;
				GENERATE_INFOPLIST_FILE = YES;
				MARKETING_VERSION = 1.0;
				PRODUCT_BUNDLE_IDENTIFIER = rit.FruitPickerUITests;
				PRODUCT_NAME = "$(TARGET_NAME)";
				SWIFT_EMIT_LOC_STRINGS = NO;
				SWIFT_VERSION = 5.0;
				TEST_TARGET_NAME = FruitPicker;
			};
			name = Debug;
		};
		80980F4A2C772A5100227C74 /* Release */ = {
			isa = XCBuildConfiguration;
			buildSettings = {
				ALWAYS_EMBED_SWIFT_STANDARD_LIBRARIES = YES;
				CODE_SIGN_STYLE = Automatic;
				CURRENT_PROJECT_VERSION = 1;
				GENERATE_INFOPLIST_FILE = YES;
				MARKETING_VERSION = 1.0;
				PRODUCT_BUNDLE_IDENTIFIER = rit.FruitPickerUITests;
				PRODUCT_NAME = "$(TARGET_NAME)";
				SWIFT_EMIT_LOC_STRINGS = NO;
				SWIFT_VERSION = 5.0;
				TEST_TARGET_NAME = FruitPicker;
			};
			name = Release;
		};
/* End XCBuildConfiguration section */

/* Begin XCConfigurationList section */
		80980F122C772A4E00227C74 /* Build configuration list for PBXProject "FruitPicker" */ = {
			isa = XCConfigurationList;
			buildConfigurations = (
				80980F402C772A5100227C74 /* Debug */,
				80980F412C772A5100227C74 /* Release */,
			);
			defaultConfigurationIsVisible = 0;
			defaultConfigurationName = Release;
		};
		80980F422C772A5100227C74 /* Build configuration list for PBXNativeTarget "FruitPicker" */ = {
			isa = XCConfigurationList;
			buildConfigurations = (
				80980F432C772A5100227C74 /* Debug */,
				80980F442C772A5100227C74 /* Release */,
			);
			defaultConfigurationIsVisible = 0;
			defaultConfigurationName = Release;
		};
		80980F452C772A5100227C74 /* Build configuration list for PBXNativeTarget "FruitPickerTests" */ = {
			isa = XCConfigurationList;
			buildConfigurations = (
				80980F462C772A5100227C74 /* Debug */,
				80980F472C772A5100227C74 /* Release */,
			);
			defaultConfigurationIsVisible = 0;
			defaultConfigurationName = Release;
		};
		80980F482C772A5100227C74 /* Build configuration list for PBXNativeTarget "FruitPickerUITests" */ = {
			isa = XCConfigurationList;
			buildConfigurations = (
				80980F492C772A5100227C74 /* Debug */,
				80980F4A2C772A5100227C74 /* Release */,
			);
			defaultConfigurationIsVisible = 0;
			defaultConfigurationName = Release;
		};
/* End XCConfigurationList section */
	};
	rootObject = 80980F0F2C772A4E00227C74 /* Project object */;
}
